<?xml version="1.0" encoding="UTF-8" standalone="yes" ?>
<CodeBlocks_project_file>
	<FileVersion major="1" minor="6" />
	<Project>
		<Option title="openNISample007" />
		<Option makefile="makefile" />
		<Option pch_mode="2" />
		<Option compiler="gcc" />
		<Option virtualFolders="addons\;src\;addons\ofxOpenNI\;addons\ofxOpenNI\src\;addons\ofxOpenNI\include\;addons\ofxOpenNI\include\openni\;addons\ofxOpenNI\include\nite\;" />
		<Build>
			<Target title="release">
				<Option output="bin\$(PROJECT_NAME)" prefix_auto="1" extension_auto="1" />
				<Option working_dir="bin" />
				<Option object_output="obj\release" />
				<Option external_deps="..\..\..\libs\openFrameworksCompiled\lib\win_cb\openFrameworks.lib;" />
				<Option type="1" />
				<Option compiler="gcc" />
				<Option projectLinkerOptionsRelation="2" />
				<Compiler>
					<Add option="-O2" />
				</Compiler>
				<Linker>
					<Add option="-s" />
					<Add option="../../../libs/openFrameworksCompiled/lib/win_cb/openFrameworks.lib" />
				</Linker>
			</Target>
			<Target title="debug">
				<Option output="bin\$(PROJECT_NAME)_DEBUG" prefix_auto="1" extension_auto="1" />
				<Option working_dir="bin" />
				<Option object_output="obj\debug\" />
				<Option external_deps="..\..\..\libs\openFrameworksCompiled\lib\win_cb\openFrameworksDebug.lib;" />
				<Option type="1" />
				<Option compiler="gcc" />
				<Option projectLinkerOptionsRelation="2" />
				<Compiler>
					<Add option="-g" />
				</Compiler>
				<Linker>
					<Add option="../../../libs/openFrameworksCompiled/lib/win_cb/openFrameworksDebug.lib" />
				</Linker>
			</Target>
		</Build>
		<Compiler>
			<Add option="-Wno-multichar" />
			<Add directory="..\..\..\libs\glu\include" />
			<Add directory="..\..\..\libs\freetype\include" />
			<Add directory="..\..\..\libs\freetype\include\freetype2" />
			<Add directory="..\..\..\libs\FreeImage\include" />
			<Add directory="..\..\..\libs\quicktime\include" />
			<Add directory="..\..\..\libs\rtAudio\include" />
			<Add directory="..\..\..\libs\fmodex\include" />
			<Add directory="..\..\..\libs\videoInput\include" />
			<Add directory="..\..\..\libs\glew\include" />
			<Add directory="..\..\..\libs\glut\include" />
			<Add directory="..\..\..\libs\openFrameworks" />
			<Add directory="..\..\..\libs\openFrameworks\3d" />
			<Add directory="..\..\..\libs\openFrameworks\app" />
			<Add directory="..\..\..\libs\openFrameworks\communication" />
			<Add directory="..\..\..\libs\openFrameworks\events" />
			<Add directory="..\..\..\libs\openFrameworks\gl" />
			<Add directory="..\..\..\libs\openFrameworks\graphics" />
			<Add directory="..\..\..\libs\openFrameworks\math" />
			<Add directory="..\..\..\libs\openFrameworks\sound" />
			<Add directory="..\..\..\libs\openFrameworks\types" />
			<Add directory="..\..\..\libs\openFrameworks\utils" />
			<Add directory="..\..\..\libs\openFrameworks\video" />
			<Add directory="..\..\..\libs\poco\include" />
			<Add directory="..\..\..\libs\tess2\include" />
			<Add directory="..\..\..\libs\cairo\include\cairo" />
			<Add directory="..\..\..\addons\ofxOpenNI\src" />
			<Add directory="..\..\..\addons\ofxOpenNI\include\openni" />
			<Add directory="..\..\..\addons\ofxOpenNI\include\nite" />
		</Compiler>
		<Linker>
			<Add library="..\..\..\libs\FreeImage\lib\win_cb\FreeImage.lib" />
			<Add library="..\..\..\libs\rtAudio\lib\win_cb\librtaudio.a" />
			<Add library="..\..\..\libs\quicktime\lib\win_cb\qtmlClient.lib" />
			<Add library="..\..\..\libs\cairo\lib\win_cb\libcairo.a" />
			<Add library="..\..\..\libs\cairo\lib\win_cb\libpixman-1.a" />
			<Add library="..\..\..\libs\freetype\lib\win_cb\libfreetype.a" />
			<Add library="..\..\..\libs\glut\lib\win_cb\libglut.a" />
			<Add library="..\..\..\libs\videoInput\lib\win_cb\videoInputLib.a" />
			<Add library="..\..\..\libs\fmodex\lib\win_cb\libfmodex.a" />
			<Add library="..\..\..\libs\glew\lib\win_cb\glew32s.lib" />
			<Add library="..\..\..\libs\glu\lib\win_cb\glu32.lib" />
			<Add library="..\..\..\libs\poco\lib\win_cb\libPocoNetmt.a" />
			<Add library="..\..\..\libs\poco\lib\win_cb\libPocoUtilmt.a" />
			<Add library="..\..\..\libs\poco\lib\win_cb\libPocoXMLmt.a" />
			<Add library="..\..\..\libs\poco\lib\win_cb\libPocoFoundationmt.a" />
			<Add library="..\..\..\libs\tess2\lib\win_cb\libtess2.a" />
			<Add library="opengl32" />
			<Add library="gdi32" />
			<Add library="msimg32" />
			<Add library="glu32" />
			<Add library="dsound" />
			<Add library="winmm" />
			<Add library="dxguid" />
			<Add library="strmbase" />
			<Add library="strmiids" />
			<Add library="z" />
			<Add library="uuid" />
			<Add library="ole32" />
			<Add library="oleaut32" />
			<Add library="setupapi" />
			<Add library="wsock32" />
			<Add library="ws2_32" />
			<Add library="Iphlpapi" />
			<Add library="bin\data\openni\lib\openNI.lib" />
		</Linker>
		<ExtraCommands>
			<Add after='xcopy /e /i /y &quot;$(PROJECT_DIR)..\..\..\export\win_cb\*.dll&quot;  &quot;$(PROJECT_DIR)bin&quot;' />
			<Add after='cmd /c if not exist &quot;$(PROJECT_DIR)bin/data&quot; mkdir &quot;$(PROJECT_DIR)bin/data&quot;' />
			<Mode after="always" />
		</ExtraCommands>
		<Unit filename="..\..\..\addons\ofxOpenNI\include\nite\XnCommon.h">
			<Option virtualFolder="addons\ofxOpenNI\include\nite\" />
		</Unit>
		<Unit filename="..\..\..\addons\ofxOpenNI\include\nite\XnV3DVector.h">
			<Option virtualFolder="addons\ofxOpenNI\include\nite\" />
		</Unit>
		<Unit filename="..\..\..\addons\ofxOpenNI\include\nite\XnVActivationMessage.h">
			<Option virtualFolder="addons\ofxOpenNI\include\nite\" />
		</Unit>
		<Unit filename="..\..\..\addons\ofxOpenNI\include\nite\XnVBroadcaster.h">
			<Option virtualFolder="addons\ofxOpenNI\include\nite\" />
		</Unit>
		<Unit filename="..\..\..\addons\ofxOpenNI\include\nite\XnVCCMessage.h">
			<Option virtualFolder="addons\ofxOpenNI\include\nite\" />
		</Unit>
		<Unit filename="..\..\..\addons\ofxOpenNI\include\nite\XnVCircle.h">
			<Option virtualFolder="addons\ofxOpenNI\include\nite\" />
		</Unit>
		<Unit filename="..\..\..\addons\ofxOpenNI\include\nite\XnVCircleDetector.h">
			<Option virtualFolder="addons\ofxOpenNI\include\nite\" />
		</Unit>
		<Unit filename="..\..\..\addons\ofxOpenNI\include\nite\XnVClickableVirtualPlane.h">
			<Option virtualFolder="addons\ofxOpenNI\include\nite\" />
		</Unit>
		<Unit filename="..\..\..\addons\ofxOpenNI\include\nite\XnVComplexMessage.h">
			<Option virtualFolder="addons\ofxOpenNI\include\nite\" />
		</Unit>
		<Unit filename="..\..\..\addons\ofxOpenNI\include\nite\XnVDepthControl.h">
			<Option virtualFolder="addons\ofxOpenNI\include\nite\" />
		</Unit>
		<Unit filename="..\..\..\addons\ofxOpenNI\include\nite\XnVDepthGenerator.h">
			<Option virtualFolder="addons\ofxOpenNI\include\nite\" />
		</Unit>
		<Unit filename="..\..\..\addons\ofxOpenNI\include\nite\XnVDepthMessage.h">
			<Option virtualFolder="addons\ofxOpenNI\include\nite\" />
		</Unit>
		<Unit filename="..\..\..\addons\ofxOpenNI\include\nite\XnVDeviceControl.h">
			<Option virtualFolder="addons\ofxOpenNI\include\nite\" />
		</Unit>
		<Unit filename="..\..\..\addons\ofxOpenNI\include\nite\XnVDeviceFilter.h">
			<Option virtualFolder="addons\ofxOpenNI\include\nite\" />
		</Unit>
		<Unit filename="..\..\..\addons\ofxOpenNI\include\nite\XnVDeviceGenerator.h">
			<Option virtualFolder="addons\ofxOpenNI\include\nite\" />
		</Unit>
		<Unit filename="..\..\..\addons\ofxOpenNI\include\nite\XnVDeviceMessage.h">
			<Option virtualFolder="addons\ofxOpenNI\include\nite\" />
		</Unit>
		<Unit filename="..\..\..\addons\ofxOpenNI\include\nite\XnVDirection.h">
			<Option virtualFolder="addons\ofxOpenNI\include\nite\" />
		</Unit>
		<Unit filename="..\..\..\addons\ofxOpenNI\include\nite\XnVFilter.h">
			<Option virtualFolder="addons\ofxOpenNI\include\nite\" />
		</Unit>
		<Unit filename="..\..\..\addons\ofxOpenNI\include\nite\XnVFlowRouter.h">
			<Option virtualFolder="addons\ofxOpenNI\include\nite\" />
		</Unit>
		<Unit filename="..\..\..\addons\ofxOpenNI\include\nite\XnVGesture.h">
			<Option virtualFolder="addons\ofxOpenNI\include\nite\" />
		</Unit>
		<Unit filename="..\..\..\addons\ofxOpenNI\include\nite\XnVHandPointContext.h">
			<Option virtualFolder="addons\ofxOpenNI\include\nite\" />
		</Unit>
		<Unit filename="..\..\..\addons\ofxOpenNI\include\nite\XnVHandle.h">
			<Option virtualFolder="addons\ofxOpenNI\include\nite\" />
		</Unit>
		<Unit filename="..\..\..\addons\ofxOpenNI\include\nite\XnVImageGenerator.h">
			<Option virtualFolder="addons\ofxOpenNI\include\nite\" />
		</Unit>
		<Unit filename="..\..\..\addons\ofxOpenNI\include\nite\XnVImageMessage.h">
			<Option virtualFolder="addons\ofxOpenNI\include\nite\" />
		</Unit>
		<Unit filename="..\..\..\addons\ofxOpenNI\include\nite\XnVMathCommon.h">
			<Option virtualFolder="addons\ofxOpenNI\include\nite\" />
		</Unit>
		<Unit filename="..\..\..\addons\ofxOpenNI\include\nite\XnVMessage.h">
			<Option virtualFolder="addons\ofxOpenNI\include\nite\" />
		</Unit>
		<Unit filename="..\..\..\addons\ofxOpenNI\include\nite\XnVMessageGenerator.h">
			<Option virtualFolder="addons\ofxOpenNI\include\nite\" />
		</Unit>
		<Unit filename="..\..\..\addons\ofxOpenNI\include\nite\XnVMessageListener.h">
			<Option virtualFolder="addons\ofxOpenNI\include\nite\" />
		</Unit>
		<Unit filename="..\..\..\addons\ofxOpenNI\include\nite\XnVMessageMux.h">
			<Option virtualFolder="addons\ofxOpenNI\include\nite\" />
		</Unit>
		<Unit filename="..\..\..\addons\ofxOpenNI\include\nite\XnVMultiItemHysteresis1D.h">
			<Option virtualFolder="addons\ofxOpenNI\include\nite\" />
		</Unit>
		<Unit filename="..\..\..\addons\ofxOpenNI\include\nite\XnVMultiItemHysteresis2D.h">
			<Option virtualFolder="addons\ofxOpenNI\include\nite\" />
		</Unit>
		<Unit filename="..\..\..\addons\ofxOpenNI\include\nite\XnVMultiProcessFlowClient.h">
			<Option virtualFolder="addons\ofxOpenNI\include\nite\" />
		</Unit>
		<Unit filename="..\..\..\addons\ofxOpenNI\include\nite\XnVMultiProcessFlowServer.h">
			<Option virtualFolder="addons\ofxOpenNI\include\nite\" />
		</Unit>
		<Unit filename="..\..\..\addons\ofxOpenNI\include\nite\XnVMultipleHands.h">
			<Option virtualFolder="addons\ofxOpenNI\include\nite\" />
		</Unit>
		<Unit filename="..\..\..\addons\ofxOpenNI\include\nite\XnVNite.h">
			<Option virtualFolder="addons\ofxOpenNI\include\nite\" />
		</Unit>
		<Unit filename="..\..\..\addons\ofxOpenNI\include\nite\XnVNiteControls.h">
			<Option virtualFolder="addons\ofxOpenNI\include\nite\" />
		</Unit>
		<Unit filename="..\..\..\addons\ofxOpenNI\include\nite\XnVNiteDefs.h">
			<Option virtualFolder="addons\ofxOpenNI\include\nite\" />
		</Unit>
		<Unit filename="..\..\..\addons\ofxOpenNI\include\nite\XnVNiteFramework.h">
			<Option virtualFolder="addons\ofxOpenNI\include\nite\" />
		</Unit>
		<Unit filename="..\..\..\addons\ofxOpenNI\include\nite\XnVNiteLog.h">
			<Option virtualFolder="addons\ofxOpenNI\include\nite\" />
		</Unit>
		<Unit filename="..\..\..\addons\ofxOpenNI\include\nite\XnVNiteStatus.h">
			<Option virtualFolder="addons\ofxOpenNI\include\nite\" />
		</Unit>
		<Unit filename="..\..\..\addons\ofxOpenNI\include\nite\XnVNiteVersion.h">
			<Option virtualFolder="addons\ofxOpenNI\include\nite\" />
		</Unit>
		<Unit filename="..\..\..\addons\ofxOpenNI\include\nite\XnVPointArea.h">
			<Option virtualFolder="addons\ofxOpenNI\include\nite\" />
		</Unit>
		<Unit filename="..\..\..\addons\ofxOpenNI\include\nite\XnVPointControl.h">
			<Option virtualFolder="addons\ofxOpenNI\include\nite\" />
		</Unit>
		<Unit filename="..\..\..\addons\ofxOpenNI\include\nite\XnVPointDenoiser.h">
			<Option virtualFolder="addons\ofxOpenNI\include\nite\" />
		</Unit>
		<Unit filename="..\..\..\addons\ofxOpenNI\include\nite\XnVPointFilter.h">
			<Option virtualFolder="addons\ofxOpenNI\include\nite\" />
		</Unit>
		<Unit filename="..\..\..\addons\ofxOpenNI\include\nite\XnVPointMessage.h">
			<Option virtualFolder="addons\ofxOpenNI\include\nite\" />
		</Unit>
		<Unit filename="..\..\..\addons\ofxOpenNI\include\nite\XnVPointTracker.h">
			<Option virtualFolder="addons\ofxOpenNI\include\nite\" />
		</Unit>
		<Unit filename="..\..\..\addons\ofxOpenNI\include\nite\XnVPushDetector.h">
			<Option virtualFolder="addons\ofxOpenNI\include\nite\" />
		</Unit>
		<Unit filename="..\..\..\addons\ofxOpenNI\include\nite\XnVSelectableSlider1D.h">
			<Option virtualFolder="addons\ofxOpenNI\include\nite\" />
		</Unit>
		<Unit filename="..\..\..\addons\ofxOpenNI\include\nite\XnVSelectableSlider2D.h">
			<Option virtualFolder="addons\ofxOpenNI\include\nite\" />
		</Unit>
		<Unit filename="..\..\..\addons\ofxOpenNI\include\nite\XnVSessionGenerator.h">
			<Option virtualFolder="addons\ofxOpenNI\include\nite\" />
		</Unit>
		<Unit filename="..\..\..\addons\ofxOpenNI\include\nite\XnVSessionListener.h">
			<Option virtualFolder="addons\ofxOpenNI\include\nite\" />
		</Unit>
		<Unit filename="..\..\..\addons\ofxOpenNI\include\nite\XnVSessionManager.h">
			<Option virtualFolder="addons\ofxOpenNI\include\nite\" />
		</Unit>
		<Unit filename="..\..\..\addons\ofxOpenNI\include\nite\XnVSessionMessage.h">
			<Option virtualFolder="addons\ofxOpenNI\include\nite\" />
		</Unit>
		<Unit filename="..\..\..\addons\ofxOpenNI\include\nite\XnVSlider1D.h">
			<Option virtualFolder="addons\ofxOpenNI\include\nite\" />
		</Unit>
		<Unit filename="..\..\..\addons\ofxOpenNI\include\nite\XnVSlider2D.h">
			<Option virtualFolder="addons\ofxOpenNI\include\nite\" />
		</Unit>
		<Unit filename="..\..\..\addons\ofxOpenNI\include\nite\XnVSlider3D.h">
			<Option virtualFolder="addons\ofxOpenNI\include\nite\" />
		</Unit>
		<Unit filename="..\..\..\addons\ofxOpenNI\include\nite\XnVSteadyDetector.h">
			<Option virtualFolder="addons\ofxOpenNI\include\nite\" />
		</Unit>
		<Unit filename="..\..\..\addons\ofxOpenNI\include\nite\XnVSwipeDetector.h">
			<Option virtualFolder="addons\ofxOpenNI\include\nite\" />
		</Unit>
		<Unit filename="..\..\..\addons\ofxOpenNI\include\nite\XnVVirtualCoordinates.h">
			<Option virtualFolder="addons\ofxOpenNI\include\nite\" />
		</Unit>
		<Unit filename="..\..\..\addons\ofxOpenNI\include\nite\XnVWaveDetector.h">
			<Option virtualFolder="addons\ofxOpenNI\include\nite\" />
		</Unit>
		<Unit filename="..\..\..\addons\ofxOpenNI\include\openni\IXnNodeAllocator.h">
			<Option virtualFolder="addons\ofxOpenNI\include\openni\" />
		</Unit>
		<Unit filename="..\..\..\addons\ofxOpenNI\include\openni\XnAlgorithms.h">
			<Option virtualFolder="addons\ofxOpenNI\include\openni\" />
		</Unit>
		<Unit filename="..\..\..\addons\ofxOpenNI\include\openni\XnArray.h">
			<Option virtualFolder="addons\ofxOpenNI\include\openni\" />
		</Unit>
		<Unit filename="..\..\..\addons\ofxOpenNI\include\openni\XnBaseNode.h">
			<Option virtualFolder="addons\ofxOpenNI\include\openni\" />
		</Unit>
		<Unit filename="..\..\..\addons\ofxOpenNI\include\openni\XnBitSet.h">
			<Option virtualFolder="addons\ofxOpenNI\include\openni\" />
		</Unit>
		<Unit filename="..\..\..\addons\ofxOpenNI\include\openni\XnCallback.h">
			<Option virtualFolder="addons\ofxOpenNI\include\openni\" />
		</Unit>
		<Unit filename="..\..\..\addons\ofxOpenNI\include\openni\XnCodecIDs.h">
			<Option virtualFolder="addons\ofxOpenNI\include\openni\" />
		</Unit>
		<Unit filename="..\..\..\addons\ofxOpenNI\include\openni\XnContext.h">
			<Option virtualFolder="addons\ofxOpenNI\include\openni\" />
		</Unit>
		<Unit filename="..\..\..\addons\ofxOpenNI\include\openni\XnCppWrapper.h">
			<Option virtualFolder="addons\ofxOpenNI\include\openni\" />
		</Unit>
		<Unit filename="..\..\..\addons\ofxOpenNI\include\openni\XnDataTypes.h">
			<Option virtualFolder="addons\ofxOpenNI\include\openni\" />
		</Unit>
		<Unit filename="..\..\..\addons\ofxOpenNI\include\openni\XnDerivedCast.h">
			<Option virtualFolder="addons\ofxOpenNI\include\openni\" />
		</Unit>
		<Unit filename="..\..\..\addons\ofxOpenNI\include\openni\XnDump.h">
			<Option virtualFolder="addons\ofxOpenNI\include\openni\" />
		</Unit>
		<Unit filename="..\..\..\addons\ofxOpenNI\include\openni\XnDumpWriters.h">
			<Option virtualFolder="addons\ofxOpenNI\include\openni\" />
		</Unit>
		<Unit filename="..\..\..\addons\ofxOpenNI\include\openni\XnEnumerationErrors.h">
			<Option virtualFolder="addons\ofxOpenNI\include\openni\" />
		</Unit>
		<Unit filename="..\..\..\addons\ofxOpenNI\include\openni\XnEvent.h">
			<Option virtualFolder="addons\ofxOpenNI\include\openni\" />
		</Unit>
		<Unit filename="..\..\..\addons\ofxOpenNI\include\openni\XnFPSCalculator.h">
			<Option virtualFolder="addons\ofxOpenNI\include\openni\" />
		</Unit>
		<Unit filename="..\..\..\addons\ofxOpenNI\include\openni\XnGeneralBuffer.h">
			<Option virtualFolder="addons\ofxOpenNI\include\openni\" />
		</Unit>
		<Unit filename="..\..\..\addons\ofxOpenNI\include\openni\XnHash.h">
			<Option virtualFolder="addons\ofxOpenNI\include\openni\" />
		</Unit>
		<Unit filename="..\..\..\addons\ofxOpenNI\include\openni\XnInternalDefs.h">
			<Option virtualFolder="addons\ofxOpenNI\include\openni\" />
		</Unit>
		<Unit filename="..\..\..\addons\ofxOpenNI\include\openni\XnLicensing.h">
			<Option virtualFolder="addons\ofxOpenNI\include\openni\" />
		</Unit>
		<Unit filename="..\..\..\addons\ofxOpenNI\include\openni\XnList.h">
			<Option virtualFolder="addons\ofxOpenNI\include\openni\" />
		</Unit>
		<Unit filename="..\..\..\addons\ofxOpenNI\include\openni\XnLog.h">
			<Option virtualFolder="addons\ofxOpenNI\include\openni\" />
		</Unit>
		<Unit filename="..\..\..\addons\ofxOpenNI\include\openni\XnLogTypes.h">
			<Option virtualFolder="addons\ofxOpenNI\include\openni\" />
		</Unit>
		<Unit filename="..\..\..\addons\ofxOpenNI\include\openni\XnLogWriterBase.h">
			<Option virtualFolder="addons\ofxOpenNI\include\openni\" />
		</Unit>
		<Unit filename="..\..\..\addons\ofxOpenNI\include\openni\XnMacros.h">
			<Option virtualFolder="addons\ofxOpenNI\include\openni\" />
		</Unit>
		<Unit filename="..\..\..\addons\ofxOpenNI\include\openni\XnModuleCFunctions.h">
			<Option virtualFolder="addons\ofxOpenNI\include\openni\" />
		</Unit>
		<Unit filename="..\..\..\addons\ofxOpenNI\include\openni\XnModuleCppInterface.h">
			<Option virtualFolder="addons\ofxOpenNI\include\openni\" />
		</Unit>
		<Unit filename="..\..\..\addons\ofxOpenNI\include\openni\XnModuleCppRegistratration.h">
			<Option virtualFolder="addons\ofxOpenNI\include\openni\" />
		</Unit>
		<Unit filename="..\..\..\addons\ofxOpenNI\include\openni\XnModuleInterface.h">
			<Option virtualFolder="addons\ofxOpenNI\include\openni\" />
		</Unit>
		<Unit filename="..\..\..\addons\ofxOpenNI\include\openni\XnNode.h">
			<Option virtualFolder="addons\ofxOpenNI\include\openni\" />
		</Unit>
		<Unit filename="..\..\..\addons\ofxOpenNI\include\openni\XnNodeAllocator.h">
			<Option virtualFolder="addons\ofxOpenNI\include\openni\" />
		</Unit>
		<Unit filename="..\..\..\addons\ofxOpenNI\include\openni\XnOS.h">
			<Option virtualFolder="addons\ofxOpenNI\include\openni\" />
		</Unit>
		<Unit filename="..\..\..\addons\ofxOpenNI\include\openni\XnOSCpp.h">
			<Option virtualFolder="addons\ofxOpenNI\include\openni\" />
		</Unit>
		<Unit filename="..\..\..\addons\ofxOpenNI\include\openni\XnOSMemory.h">
			<Option virtualFolder="addons\ofxOpenNI\include\openni\" />
		</Unit>
		<Unit filename="..\..\..\addons\ofxOpenNI\include\openni\XnOSStrings.h">
			<Option virtualFolder="addons\ofxOpenNI\include\openni\" />
		</Unit>
		<Unit filename="..\..\..\addons\ofxOpenNI\include\openni\XnOpenNI.h">
			<Option virtualFolder="addons\ofxOpenNI\include\openni\" />
		</Unit>
		<Unit filename="..\..\..\addons\ofxOpenNI\include\openni\XnPlatform.h">
			<Option virtualFolder="addons\ofxOpenNI\include\openni\" />
		</Unit>
		<Unit filename="..\..\..\addons\ofxOpenNI\include\openni\XnPrdNode.h">
			<Option virtualFolder="addons\ofxOpenNI\include\openni\" />
		</Unit>
		<Unit filename="..\..\..\addons\ofxOpenNI\include\openni\XnPrdNodeInfo.h">
			<Option virtualFolder="addons\ofxOpenNI\include\openni\" />
		</Unit>
		<Unit filename="..\..\..\addons\ofxOpenNI\include\openni\XnPrdNodeInfoList.h">
			<Option virtualFolder="addons\ofxOpenNI\include\openni\" />
		</Unit>
		<Unit filename="..\..\..\addons\ofxOpenNI\include\openni\XnProfiling.h">
			<Option virtualFolder="addons\ofxOpenNI\include\openni\" />
		</Unit>
		<Unit filename="..\..\..\addons\ofxOpenNI\include\openni\XnPropNames.h">
			<Option virtualFolder="addons\ofxOpenNI\include\openni\" />
		</Unit>
		<Unit filename="..\..\..\addons\ofxOpenNI\include\openni\XnQueries.h">
			<Option virtualFolder="addons\ofxOpenNI\include\openni\" />
		</Unit>
		<Unit filename="..\..\..\addons\ofxOpenNI\include\openni\XnQueue.h">
			<Option virtualFolder="addons\ofxOpenNI\include\openni\" />
		</Unit>
		<Unit filename="..\..\..\addons\ofxOpenNI\include\openni\XnScheduler.h">
			<Option virtualFolder="addons\ofxOpenNI\include\openni\" />
		</Unit>
		<Unit filename="..\..\..\addons\ofxOpenNI\include\openni\XnStack.h">
			<Option virtualFolder="addons\ofxOpenNI\include\openni\" />
		</Unit>
		<Unit filename="..\..\..\addons\ofxOpenNI\include\openni\XnStatus.h">
			<Option virtualFolder="addons\ofxOpenNI\include\openni\" />
		</Unit>
		<Unit filename="..\..\..\addons\ofxOpenNI\include\openni\XnStatusCodes.h">
			<Option virtualFolder="addons\ofxOpenNI\include\openni\" />
		</Unit>
		<Unit filename="..\..\..\addons\ofxOpenNI\include\openni\XnStatusRegister.h">
			<Option virtualFolder="addons\ofxOpenNI\include\openni\" />
		</Unit>
		<Unit filename="..\..\..\addons\ofxOpenNI\include\openni\XnStringsHash.h">
			<Option virtualFolder="addons\ofxOpenNI\include\openni\" />
		</Unit>
		<Unit filename="..\..\..\addons\ofxOpenNI\include\openni\XnThreadSafeQueue.h">
			<Option virtualFolder="addons\ofxOpenNI\include\openni\" />
		</Unit>
		<Unit filename="..\..\..\addons\ofxOpenNI\include\openni\XnTypes.h">
			<Option virtualFolder="addons\ofxOpenNI\include\openni\" />
		</Unit>
		<Unit filename="..\..\..\addons\ofxOpenNI\include\openni\XnUSB.h">
			<Option virtualFolder="addons\ofxOpenNI\include\openni\" />
		</Unit>
		<Unit filename="..\..\..\addons\ofxOpenNI\include\openni\XnUSBDevice.h">
			<Option virtualFolder="addons\ofxOpenNI\include\openni\" />
		</Unit>
		<Unit filename="..\..\..\addons\ofxOpenNI\include\openni\XnUtils.h">
			<Option virtualFolder="addons\ofxOpenNI\include\openni\" />
		</Unit>
		<Unit filename="..\..\..\addons\ofxOpenNI\include\openni\XnVersion.h">
			<Option virtualFolder="addons\ofxOpenNI\include\openni\" />
		</Unit>
		<Unit filename="..\..\..\addons\ofxOpenNI\src\ofxDepthGenerator.cpp">
			<Option virtualFolder="addons\ofxOpenNI\src\" />
		</Unit>
		<Unit filename="..\..\..\addons\ofxOpenNI\src\ofxDepthGenerator.h">
			<Option virtualFolder="addons\ofxOpenNI\src\" />
		</Unit>
		<Unit filename="..\..\..\addons\ofxOpenNI\src\ofxGestureGenerator.cpp">
			<Option virtualFolder="addons\ofxOpenNI\src\" />
		</Unit>
		<Unit filename="..\..\..\addons\ofxOpenNI\src\ofxGestureGenerator.h">
			<Option virtualFolder="addons\ofxOpenNI\src\" />
		</Unit>
		<Unit filename="..\..\..\addons\ofxOpenNI\src\ofxHandGenerator.cpp">
			<Option virtualFolder="addons\ofxOpenNI\src\" />
		</Unit>
		<Unit filename="..\..\..\addons\ofxOpenNI\src\ofxHandGenerator.h">
			<Option virtualFolder="addons\ofxOpenNI\src\" />
		</Unit>
		<Unit filename="..\..\..\addons\ofxOpenNI\src\ofxHardwareDriver.cpp">
			<Option virtualFolder="addons\ofxOpenNI\src\" />
		</Unit>
		<Unit filename="..\..\..\addons\ofxOpenNI\src\ofxHardwareDriver.h">
			<Option virtualFolder="addons\ofxOpenNI\src\" />
		</Unit>
		<Unit filename="..\..\..\addons\ofxOpenNI\src\ofxIRGenerator.cpp">
			<Option virtualFolder="addons\ofxOpenNI\src\" />
		</Unit>
		<Unit filename="..\..\..\addons\ofxOpenNI\src\ofxIRGenerator.h">
			<Option virtualFolder="addons\ofxOpenNI\src\" />
		</Unit>
		<Unit filename="..\..\..\addons\ofxOpenNI\src\ofxImageGenerator.cpp">
			<Option virtualFolder="addons\ofxOpenNI\src\" />
		</Unit>
		<Unit filename="..\..\..\addons\ofxOpenNI\src\ofxImageGenerator.h">
			<Option virtualFolder="addons\ofxOpenNI\src\" />
		</Unit>
		<Unit filename="..\..\..\addons\ofxOpenNI\src\ofxOpenNI.h">
			<Option virtualFolder="addons\ofxOpenNI\src\" />
		</Unit>
		<Unit filename="..\..\..\addons\ofxOpenNI\src\ofxOpenNIContext.cpp">
			<Option virtualFolder="addons\ofxOpenNI\src\" />
		</Unit>
		<Unit filename="..\..\..\addons\ofxOpenNI\src\ofxOpenNIContext.h">
			<Option virtualFolder="addons\ofxOpenNI\src\" />
		</Unit>
		<Unit filename="..\..\..\addons\ofxOpenNI\src\ofxOpenNIMacros.h">
			<Option virtualFolder="addons\ofxOpenNI\src\" />
		</Unit>
		<Unit filename="..\..\..\addons\ofxOpenNI\src\ofxOpenNIRecorder.cpp">
			<Option virtualFolder="addons\ofxOpenNI\src\" />
		</Unit>
		<Unit filename="..\..\..\addons\ofxOpenNI\src\ofxOpenNIRecorder.h">
			<Option virtualFolder="addons\ofxOpenNI\src\" />
		</Unit>
		<Unit filename="..\..\..\addons\ofxOpenNI\src\ofxTrackedHand.cpp">
			<Option virtualFolder="addons\ofxOpenNI\src\" />
		</Unit>
		<Unit filename="..\..\..\addons\ofxOpenNI\src\ofxTrackedHand.h">
			<Option virtualFolder="addons\ofxOpenNI\src\" />
		</Unit>
		<Unit filename="..\..\..\addons\ofxOpenNI\src\ofxTrackedUser.cpp">
			<Option virtualFolder="addons\ofxOpenNI\src\" />
		</Unit>
		<Unit filename="..\..\..\addons\ofxOpenNI\src\ofxTrackedUser.h">
			<Option virtualFolder="addons\ofxOpenNI\src\" />
		</Unit>
		<Unit filename="..\..\..\addons\ofxOpenNI\src\ofxUserGenerator.cpp">
			<Option virtualFolder="addons\ofxOpenNI\src\" />
		</Unit>
		<Unit filename="..\..\..\addons\ofxOpenNI\src\ofxUserGenerator.h">
			<Option virtualFolder="addons\ofxOpenNI\src\" />
		</Unit>
		<Unit filename="src\main.cpp">
			<Option virtualFolder="src" />
		</Unit>
		<Unit filename="src\testApp.cpp">
			<Option virtualFolder="src" />
		</Unit>
		<Unit filename="src\testApp.h">
			<Option virtualFolder="src" />
		</Unit>
		<Extensions>
			<code_completion />
			<debugger />
			<envvars />
		</Extensions>
	</Project>
</CodeBlocks_project_file>
